
Microsoft Visual Studio Solution File, Format Version 12.00
# Visual Studio Version 17
VisualStudioVersion = 17.14.36414.22 d17.14
MinimumVisualStudioVersion = 10.0.40219.1
Project("{FAE04EC0-301F-11D3-BF4B-00C04F79EFBC}") = "TallerHerencia", "TallerHerencia\TallerHerencia.csproj", "{0FCE9D4E-A854-4C41-BFC9-7117C63DB703}"
EndProject
Project("{FAE04EC0-301F-11D3-BF4B-00C04F79EFBC}") = "GeometricFigure", "GeometricFigure\GeometricFigure.csproj", "{62B69BA2-8B0E-45F5-A3BF-1810ACD147EC}"
EndProject
Global
	GlobalSection(SolutionConfigurationPlatforms) = preSolution
		Debug|Any CPU = Debug|Any CPU
		Release|Any CPU = Release|Any CPU
	EndGlobalSection
	GlobalSection(ProjectConfigurationPlatforms) = postSolution
		{0FCE9D4E-A854-4C41-BFC9-7117C63DB703}.Debug|Any CPU.ActiveCfg = Debug|Any CPU
		{0FCE9D4E-A854-4C41-BFC9-7117C63DB703}.Debug|Any CPU.Build.0 = Debug|Any CPU
		{0FCE9D4E-A854-4C41-BFC9-7117C63DB703}.Release|Any CPU.ActiveCfg = Release|Any CPU
		{0FCE9D4E-A854-4C41-BFC9-7117C63DB703}.Release|Any CPU.Build.0 = Release|Any CPU
		{62B69BA2-8B0E-45F5-A3BF-1810ACD147EC}.Debug|Any CPU.ActiveCfg = Debug|Any CPU
		{62B69BA2-8B0E-45F5-A3BF-1810ACD147EC}.Debug|Any CPU.Build.0 = Debug|Any CPU
		{62B69BA2-8B0E-45F5-A3BF-1810ACD147EC}.Release|Any CPU.ActiveCfg = Release|Any CPU
		{62B69BA2-8B0E-45F5-A3BF-1810ACD147EC}.Release|Any CPU.Build.0 = Release|Any CPU
	EndGlobalSection
	GlobalSection(SolutionProperties) = preSolution
		HideSolutionNode = FALSE
	EndGlobalSection
	GlobalSection(ExtensibilityGlobals) = postSolution
		SolutionGuid = {E7884278-08BD-4179-B1C6-803DC278C121}
	EndGlobalSection
EndGlobal
